
Microsoft Visual Studio Solution File, Format Version 12.00
# Visual Studio Version 17
VisualStudioVersion = 17.10.35013.160
MinimumVisualStudioVersion = 10.0.40219.1
Project("{9A19103F-16F7-4668-BE54-9A1E7A4F7556}") = "FinalProjApi", "FinalProjApi\FinalProjApi.csproj", "{097282CB-9A61-4BDD-8814-BE630C7C272E}"
EndProject
Project("{2150E333-8FDC-42A3-9474-1A3956D46DE8}") = "Solution Items", "Solution Items", "{81B3DAEA-1701-4C37-A27B-30DE2C9D4490}"
	ProjectSection(SolutionItems) = preProject
		.gitignore.txt = .gitignore.txt
	EndProjectSection
EndProject
Global
	GlobalSection(SolutionConfigurationPlatforms) = preSolution
		Debug|Any CPU = Debug|Any CPU
		Release|Any CPU = Release|Any CPU
	EndGlobalSection
	GlobalSection(ProjectConfigurationPlatforms) = postSolution
		{097282CB-9A61-4BDD-8814-BE630C7C272E}.Debug|Any CPU.ActiveCfg = Debug|Any CPU
		{097282CB-9A61-4BDD-8814-BE630C7C272E}.Debug|Any CPU.Build.0 = Debug|Any CPU
		{097282CB-9A61-4BDD-8814-BE630C7C272E}.Release|Any CPU.ActiveCfg = Release|Any CPU
		{097282CB-9A61-4BDD-8814-BE630C7C272E}.Release|Any CPU.Build.0 = Release|Any CPU
	EndGlobalSection
	GlobalSection(SolutionProperties) = preSolution
		HideSolutionNode = FALSE
	EndGlobalSection
	GlobalSection(ExtensibilityGlobals) = postSolution
		SolutionGuid = {EBCD28F9-A8B5-4C5C-A1DD-FD5C81AF46E9}
	EndGlobalSection
EndGlobal
